Microsoft Visual Studio Solution File, Format Version 10.00
# Visual Studio 2008
Project("{FAE04EC0-301F-11D3-BF4B-00C04F79EFBC}") = "WinForms", "WinForms.csproj", "{6D8BEF63-529A-4545-A80B-5568A50AAC24}"
EndProject
Project("{FAE04EC0-301F-11D3-BF4B-00C04F79EFBC}") = "splxWinTester", "..\..\..\Samples\Test\splxWinTester\splxWinTester.csproj", "{3BE805D1-EF2E-4EA4-9FCA-BDE67AE8D733}"
EndProject
Global
	GlobalSection(SolutionConfigurationPlatforms) = preSolution
		Debug|Any CPU = Debug|Any CPU
		DebugLocal|Any CPU = DebugLocal|Any CPU
		Production|Any CPU = Production|Any CPU
		Release|Any CPU = Release|Any CPU
	EndGlobalSection
	GlobalSection(ProjectConfigurationPlatforms) = postSolution
		{6D8BEF63-529A-4545-A80B-5568A50AAC24}.Debug|Any CPU.ActiveCfg = Debug|Any CPU
		{6D8BEF63-529A-4545-A80B-5568A50AAC24}.Debug|Any CPU.Build.0 = Debug|Any CPU
		{6D8BEF63-529A-4545-A80B-5568A50AAC24}.DebugLocal|Any CPU.ActiveCfg = Debug|Any CPU
		{6D8BEF63-529A-4545-A80B-5568A50AAC24}.DebugLocal|Any CPU.Build.0 = Debug|Any CPU
		{6D8BEF63-529A-4545-A80B-5568A50AAC24}.Production|Any CPU.ActiveCfg = Release|Any CPU
		{6D8BEF63-529A-4545-A80B-5568A50AAC24}.Production|Any CPU.Build.0 = Release|Any CPU
		{6D8BEF63-529A-4545-A80B-5568A50AAC24}.Release|Any CPU.ActiveCfg = Release|Any CPU
		{6D8BEF63-529A-4545-A80B-5568A50AAC24}.Release|Any CPU.Build.0 = Release|Any CPU
		{3BE805D1-EF2E-4EA4-9FCA-BDE67AE8D733}.Debug|Any CPU.ActiveCfg = Debug|Any CPU
		{3BE805D1-EF2E-4EA4-9FCA-BDE67AE8D733}.Debug|Any CPU.Build.0 = Debug|Any CPU
		{3BE805D1-EF2E-4EA4-9FCA-BDE67AE8D733}.DebugLocal|Any CPU.ActiveCfg = Debug|Any CPU
		{3BE805D1-EF2E-4EA4-9FCA-BDE67AE8D733}.DebugLocal|Any CPU.Build.0 = Debug|Any CPU
		{3BE805D1-EF2E-4EA4-9FCA-BDE67AE8D733}.Production|Any CPU.ActiveCfg = Release|Any CPU
		{3BE805D1-EF2E-4EA4-9FCA-BDE67AE8D733}.Production|Any CPU.Build.0 = Release|Any CPU
		{3BE805D1-EF2E-4EA4-9FCA-BDE67AE8D733}.Release|Any CPU.ActiveCfg = Release|Any CPU
		{3BE805D1-EF2E-4EA4-9FCA-BDE67AE8D733}.Release|Any CPU.Build.0 = Release|Any CPU
	EndGlobalSection
	GlobalSection(SolutionProperties) = preSolution
		HideSolutionNode = FALSE
	EndGlobalSection
EndGlobal
